
Microsoft Visual Studio Solution File, Format Version 12.00
# Visual Studio Version 16
VisualStudioVersion = 16.0.32106.194
MinimumVisualStudioVersion = 10.0.40219.1
Project("{FAE04EC0-301F-11D3-BF4B-00C04F79EFBC}") = "MooreLoops", "MooreLoops\MooreLoops.csproj", "{BC3640E4-1836-4D49-AA46-30E70919F591}"
EndProject
Project("{FAE04EC0-301F-11D3-BF4B-00C04F79EFBC}") = "OrOperator", "OrOperator\OrOperator.csproj", "{2D02CB2B-2F75-4D3C-867F-11629E9A4F1B}"
EndProject
Project("{FAE04EC0-301F-11D3-BF4B-00C04F79EFBC}") = "LoginValidation", "LoginValidation\LoginValidation.csproj", "{7A773A68-F2B9-4C69-AF8B-34480F3FD5A8}"
EndProject
Project("{FAE04EC0-301F-11D3-BF4B-00C04F79EFBC}") = "ForLoop", "ForLoop\ForLoop.csproj", "{8E2921BF-7F08-4296-87FE-8FE13A0ABBB6}"
EndProject
Project("{FAE04EC0-301F-11D3-BF4B-00C04F79EFBC}") = "OneToTen", "OneToTen\OneToTen.csproj", "{BDE1BCC1-F896-4A78-A7F0-E9A8D4F7FF7D}"
EndProject
Project("{FAE04EC0-301F-11D3-BF4B-00C04F79EFBC}") = "TenToOne", "TenToOne\TenToOne.csproj", "{F36908F2-869D-446D-9361-B50F69E3A85F}"
EndProject
Project("{FAE04EC0-301F-11D3-BF4B-00C04F79EFBC}") = "ForLoopSum", "ForLoopSum\ForLoopSum.csproj", "{ABDF8955-E349-4AC6-B5D4-BF828BA8DD9C}"
EndProject
Project("{FAE04EC0-301F-11D3-BF4B-00C04F79EFBC}") = "DiceGame", "DiceGame\DiceGame.csproj", "{91CCCE14-9428-43A4-B10D-735AFD94BAEB}"
EndProject
Global
	GlobalSection(SolutionConfigurationPlatforms) = preSolution
		Debug|Any CPU = Debug|Any CPU
		Release|Any CPU = Release|Any CPU
	EndGlobalSection
	GlobalSection(ProjectConfigurationPlatforms) = postSolution
		{BC3640E4-1836-4D49-AA46-30E70919F591}.Debug|Any CPU.ActiveCfg = Debug|Any CPU
		{BC3640E4-1836-4D49-AA46-30E70919F591}.Debug|Any CPU.Build.0 = Debug|Any CPU
		{BC3640E4-1836-4D49-AA46-30E70919F591}.Release|Any CPU.ActiveCfg = Release|Any CPU
		{BC3640E4-1836-4D49-AA46-30E70919F591}.Release|Any CPU.Build.0 = Release|Any CPU
		{2D02CB2B-2F75-4D3C-867F-11629E9A4F1B}.Debug|Any CPU.ActiveCfg = Debug|Any CPU
		{2D02CB2B-2F75-4D3C-867F-11629E9A4F1B}.Debug|Any CPU.Build.0 = Debug|Any CPU
		{2D02CB2B-2F75-4D3C-867F-11629E9A4F1B}.Release|Any CPU.ActiveCfg = Release|Any CPU
		{2D02CB2B-2F75-4D3C-867F-11629E9A4F1B}.Release|Any CPU.Build.0 = Release|Any CPU
		{7A773A68-F2B9-4C69-AF8B-34480F3FD5A8}.Debug|Any CPU.ActiveCfg = Debug|Any CPU
		{7A773A68-F2B9-4C69-AF8B-34480F3FD5A8}.Debug|Any CPU.Build.0 = Debug|Any CPU
		{7A773A68-F2B9-4C69-AF8B-34480F3FD5A8}.Release|Any CPU.ActiveCfg = Release|Any CPU
		{7A773A68-F2B9-4C69-AF8B-34480F3FD5A8}.Release|Any CPU.Build.0 = Release|Any CPU
		{8E2921BF-7F08-4296-87FE-8FE13A0ABBB6}.Debug|Any CPU.ActiveCfg = Debug|Any CPU
		{8E2921BF-7F08-4296-87FE-8FE13A0ABBB6}.Debug|Any CPU.Build.0 = Debug|Any CPU
		{8E2921BF-7F08-4296-87FE-8FE13A0ABBB6}.Release|Any CPU.ActiveCfg = Release|Any CPU
		{8E2921BF-7F08-4296-87FE-8FE13A0ABBB6}.Release|Any CPU.Build.0 = Release|Any CPU
		{BDE1BCC1-F896-4A78-A7F0-E9A8D4F7FF7D}.Debug|Any CPU.ActiveCfg = Debug|Any CPU
		{BDE1BCC1-F896-4A78-A7F0-E9A8D4F7FF7D}.Debug|Any CPU.Build.0 = Debug|Any CPU
		{BDE1BCC1-F896-4A78-A7F0-E9A8D4F7FF7D}.Release|Any CPU.ActiveCfg = Release|Any CPU
		{BDE1BCC1-F896-4A78-A7F0-E9A8D4F7FF7D}.Release|Any CPU.Build.0 = Release|Any CPU
		{F36908F2-869D-446D-9361-B50F69E3A85F}.Debug|Any CPU.ActiveCfg = Debug|Any CPU
		{F36908F2-869D-446D-9361-B50F69E3A85F}.Debug|Any CPU.Build.0 = Debug|Any CPU
		{F36908F2-869D-446D-9361-B50F69E3A85F}.Release|Any CPU.ActiveCfg = Release|Any CPU
		{F36908F2-869D-446D-9361-B50F69E3A85F}.Release|Any CPU.Build.0 = Release|Any CPU
		{ABDF8955-E349-4AC6-B5D4-BF828BA8DD9C}.Debug|Any CPU.ActiveCfg = Debug|Any CPU
		{ABDF8955-E349-4AC6-B5D4-BF828BA8DD9C}.Debug|Any CPU.Build.0 = Debug|Any CPU
		{ABDF8955-E349-4AC6-B5D4-BF828BA8DD9C}.Release|Any CPU.ActiveCfg = Release|Any CPU
		{ABDF8955-E349-4AC6-B5D4-BF828BA8DD9C}.Release|Any CPU.Build.0 = Release|Any CPU
		{91CCCE14-9428-43A4-B10D-735AFD94BAEB}.Debug|Any CPU.ActiveCfg = Debug|Any CPU
		{91CCCE14-9428-43A4-B10D-735AFD94BAEB}.Debug|Any CPU.Build.0 = Debug|Any CPU
		{91CCCE14-9428-43A4-B10D-735AFD94BAEB}.Release|Any CPU.ActiveCfg = Release|Any CPU
		{91CCCE14-9428-43A4-B10D-735AFD94BAEB}.Release|Any CPU.Build.0 = Release|Any CPU
	EndGlobalSection
	GlobalSection(SolutionProperties) = preSolution
		HideSolutionNode = FALSE
	EndGlobalSection
	GlobalSection(ExtensibilityGlobals) = postSolution
		SolutionGuid = {2465CA33-C2F3-4E20-AC91-3E86BE205F3E}
	EndGlobalSection
EndGlobal
